
Microsoft Visual Studio Solution File, Format Version 12.00
# Visual Studio 15
VisualStudioVersion = 15.0.26228.4
MinimumVisualStudioVersion = 10.0.40219.1
Project("{FAE04EC0-301F-11D3-BF4B-00C04F79EFBC}") = "GGCREditor", "GGCREditor\GGCREditor.csproj", "{453C88CA-AA05-4743-ACC9-C0E4C80DFF50}"
EndProject
Project("{FAE04EC0-301F-11D3-BF4B-00C04F79EFBC}") = "GGCREditorLib", "GGCREditorLib\GGCREditorLib.csproj", "{2ED0051C-A593-4DC9-AF02-1D66FBE5AE36}"
EndProject
Project("{FAE04EC0-301F-11D3-BF4B-00C04F79EFBC}") = "PkdAnalysis", "PkdAnalysis\PkdAnalysis.csproj", "{B569C2B0-0B10-4FCA-9DD5-B9A26988D889}"
EndProject
Global
	GlobalSection(SolutionConfigurationPlatforms) = preSolution
		Debug|Any CPU = Debug|Any CPU
		Release|Any CPU = Release|Any CPU
	EndGlobalSection
	GlobalSection(ProjectConfigurationPlatforms) = postSolution
		{453C88CA-AA05-4743-ACC9-C0E4C80DFF50}.Debug|Any CPU.ActiveCfg = Debug|Any CPU
		{453C88CA-AA05-4743-ACC9-C0E4C80DFF50}.Debug|Any CPU.Build.0 = Debug|Any CPU
		{453C88CA-AA05-4743-ACC9-C0E4C80DFF50}.Release|Any CPU.ActiveCfg = Release|Any CPU
		{453C88CA-AA05-4743-ACC9-C0E4C80DFF50}.Release|Any CPU.Build.0 = Release|Any CPU
		{2ED0051C-A593-4DC9-AF02-1D66FBE5AE36}.Debug|Any CPU.ActiveCfg = Debug|Any CPU
		{2ED0051C-A593-4DC9-AF02-1D66FBE5AE36}.Debug|Any CPU.Build.0 = Debug|Any CPU
		{2ED0051C-A593-4DC9-AF02-1D66FBE5AE36}.Release|Any CPU.ActiveCfg = Release|Any CPU
		{2ED0051C-A593-4DC9-AF02-1D66FBE5AE36}.Release|Any CPU.Build.0 = Release|Any CPU
		{B569C2B0-0B10-4FCA-9DD5-B9A26988D889}.Debug|Any CPU.ActiveCfg = Debug|Any CPU
		{B569C2B0-0B10-4FCA-9DD5-B9A26988D889}.Debug|Any CPU.Build.0 = Debug|Any CPU
		{B569C2B0-0B10-4FCA-9DD5-B9A26988D889}.Release|Any CPU.ActiveCfg = Release|Any CPU
		{B569C2B0-0B10-4FCA-9DD5-B9A26988D889}.Release|Any CPU.Build.0 = Release|Any CPU
	EndGlobalSection
	GlobalSection(SolutionProperties) = preSolution
		HideSolutionNode = FALSE
	EndGlobalSection
EndGlobal
